
Microsoft Visual Studio Solution File, Format Version 12.00
# Visual Studio 15
VisualStudioVersion = 15.0.28307.421
MinimumVisualStudioVersion = 10.0.40219.1
Project("{FAE04EC0-301F-11D3-BF4B-00C04F79EFBC}") = "Places", "Places\Places.csproj", "{A93BF96F-300A-4C73-878B-569BF47C5082}"
EndProject
Global
	GlobalSection(SolutionConfigurationPlatforms) = preSolution
		Debug|Any CPU = Debug|Any CPU
		Release|Any CPU = Release|Any CPU
	EndGlobalSection
	GlobalSection(ProjectConfigurationPlatforms) = postSolution
		{A93BF96F-300A-4C73-878B-569BF47C5082}.Debug|Any CPU.ActiveCfg = Debug|Any CPU
		{A93BF96F-300A-4C73-878B-569BF47C5082}.Debug|Any CPU.Build.0 = Debug|Any CPU
		{A93BF96F-300A-4C73-878B-569BF47C5082}.Release|Any CPU.ActiveCfg = Release|Any CPU
		{A93BF96F-300A-4C73-878B-569BF47C5082}.Release|Any CPU.Build.0 = Release|Any CPU
	EndGlobalSection
	GlobalSection(SolutionProperties) = preSolution
		HideSolutionNode = FALSE
	EndGlobalSection
	GlobalSection(ExtensibilityGlobals) = postSolution
		SolutionGuid = {FF03614C-7006-485D-825D-C87D0C2DBA3D}
	EndGlobalSection
EndGlobal
